
Microsoft Visual Studio Solution File, Format Version 12.00
# Visual Studio Version 17
VisualStudioVersion = 17.9.34723.18
MinimumVisualStudioVersion = 10.0.40219.1
Project("{FAE04EC0-301F-11D3-BF4B-00C04F79EFBC}") = "IdentityApp", "IdentityApp.csproj", "{38499BFD-7A6B-43E9-A187-C7522CFE4E89}"
EndProject
Global
	GlobalSection(SolutionConfigurationPlatforms) = preSolution
		Debug|Any CPU = Debug|Any CPU
		Release|Any CPU = Release|Any CPU
	EndGlobalSection
	GlobalSection(ProjectConfigurationPlatforms) = postSolution
		{38499BFD-7A6B-43E9-A187-C7522CFE4E89}.Debug|Any CPU.ActiveCfg = Debug|Any CPU
		{38499BFD-7A6B-43E9-A187-C7522CFE4E89}.Debug|Any CPU.Build.0 = Debug|Any CPU
		{38499BFD-7A6B-43E9-A187-C7522CFE4E89}.Release|Any CPU.ActiveCfg = Release|Any CPU
		{38499BFD-7A6B-43E9-A187-C7522CFE4E89}.Release|Any CPU.Build.0 = Release|Any CPU
	EndGlobalSection
	GlobalSection(SolutionProperties) = preSolution
		HideSolutionNode = FALSE
	EndGlobalSection
	GlobalSection(ExtensibilityGlobals) = postSolution
		SolutionGuid = {CE87528F-C76A-4C30-B5E6-2FA1B2E935C5}
	EndGlobalSection
EndGlobal
