
Microsoft Visual Studio Solution File, Format Version 12.00
# Visual Studio Version 17
VisualStudioVersion = 17.9.34723.18
MinimumVisualStudioVersion = 10.0.40219.1
Project("{FAE04EC0-301F-11D3-BF4B-00C04F79EFBC}") = "EFCOREAPP", "EFCOREAPP.csproj", "{05C12E99-7BD1-4442-985D-8C9ECD08B1E9}"
EndProject
Global
	GlobalSection(SolutionConfigurationPlatforms) = preSolution
		Debug|Any CPU = Debug|Any CPU
		Release|Any CPU = Release|Any CPU
	EndGlobalSection
	GlobalSection(ProjectConfigurationPlatforms) = postSolution
		{05C12E99-7BD1-4442-985D-8C9ECD08B1E9}.Debug|Any CPU.ActiveCfg = Debug|Any CPU
		{05C12E99-7BD1-4442-985D-8C9ECD08B1E9}.Debug|Any CPU.Build.0 = Debug|Any CPU
		{05C12E99-7BD1-4442-985D-8C9ECD08B1E9}.Release|Any CPU.ActiveCfg = Release|Any CPU
		{05C12E99-7BD1-4442-985D-8C9ECD08B1E9}.Release|Any CPU.Build.0 = Release|Any CPU
	EndGlobalSection
	GlobalSection(SolutionProperties) = preSolution
		HideSolutionNode = FALSE
	EndGlobalSection
	GlobalSection(ExtensibilityGlobals) = postSolution
		SolutionGuid = {818057AC-03A8-430C-9E36-99967CFB065A}
	EndGlobalSection
EndGlobal
